// !$*UTF8*$!
{
	archiveVersion = 1;
	classes = {
	};
	objectVersion = 56;
	objects = {

/* Begin PBXBuildFile section */
		7F1AC3242BA0AEB80083C87F /* ServerConstants.swift in Sources */ = {isa = PBXBuildFile; fileRef = 7F1AC31D2BA0AEB80083C87F /* ServerConstants.swift */; };
		7F1AC3252BA0AEB80083C87F /* HttpMethod.swift in Sources */ = {isa = PBXBuildFile; fileRef = 7F1AC31E2BA0AEB80083C87F /* HttpMethod.swift */; };
		7F1AC3262BA0AEB80083C87F /* ApiEmptyResponse.swift in Sources */ = {isa = PBXBuildFile; fileRef = 7F1AC31F2BA0AEB80083C87F /* ApiEmptyResponse.swift */; };
		7F1AC3272BA0AEB80083C87F /* ApiResult.swift in Sources */ = {isa = PBXBuildFile; fileRef = 7F1AC3202BA0AEB80083C87F /* ApiResult.swift */; };
		7F1AC3282BA0AEB80083C87F /* ServiceLayerImpl.swift in Sources */ = {isa = PBXBuildFile; fileRef = 7F1AC3212BA0AEB80083C87F /* ServiceLayerImpl.swift */; };
		7F1AC32A2BA0AEB80083C87F /* ServiceLayer.swift in Sources */ = {isa = PBXBuildFile; fileRef = 7F1AC3232BA0AEB80083C87F /* ServiceLayer.swift */; };
		7F1AC3352BA0AF190083C87F /* BaseUseCase.swift in Sources */ = {isa = PBXBuildFile; fileRef = 7F1AC32E2BA0AF190083C87F /* BaseUseCase.swift */; };
		7F1AC3362BA0AF190083C87F /* ClosureUseCase.swift in Sources */ = {isa = PBXBuildFile; fileRef = 7F1AC32F2BA0AF190083C87F /* ClosureUseCase.swift */; };
		7F1AC3382BA0AF190083C87F /* Reusable.swift in Sources */ = {isa = PBXBuildFile; fileRef = 7F1AC3322BA0AF190083C87F /* Reusable.swift */; };
		7F1AC33B2BA0AF7F0083C87F /* NetworkModule.swift in Sources */ = {isa = PBXBuildFile; fileRef = 7F1AC33A2BA0AF7F0083C87F /* NetworkModule.swift */; };
		7F1AC3402BA0B9B20083C87F /* ApiiTunesResponse.swift in Sources */ = {isa = PBXBuildFile; fileRef = 7F1AC33F2BA0B9B20083C87F /* ApiiTunesResponse.swift */; };
		7F1AC3422BA0BA100083C87F /* ApiSongInformation.swift in Sources */ = {isa = PBXBuildFile; fileRef = 7F1AC3412BA0BA100083C87F /* ApiSongInformation.swift */; };
		7F1AC3452BA0BBFC0083C87F /* DomainiTunesResponse.swift in Sources */ = {isa = PBXBuildFile; fileRef = 7F1AC3442BA0BBFC0083C87F /* DomainiTunesResponse.swift */; };
		7F1AC3472BA0BC070083C87F /* DomainSongInformation.swift in Sources */ = {isa = PBXBuildFile; fileRef = 7F1AC3462BA0BC070083C87F /* DomainSongInformation.swift */; };
		7F1AC34A2BA0BC5B0083C87F /* UiiTunesResponse.swift in Sources */ = {isa = PBXBuildFile; fileRef = 7F1AC3492BA0BC5B0083C87F /* UiiTunesResponse.swift */; };
		7F1AC34C2BA0BC6E0083C87F /* UiSongInformation.swift in Sources */ = {isa = PBXBuildFile; fileRef = 7F1AC34B2BA0BC6E0083C87F /* UiSongInformation.swift */; };
		7F1AC3522BA0BCF50083C87F /* HomeDataMapper.swift in Sources */ = {isa = PBXBuildFile; fileRef = 7F1AC3512BA0BCF50083C87F /* HomeDataMapper.swift */; };
		7F1AC3542BA0BD300083C87F /* HomeDataMapperImpl.swift in Sources */ = {isa = PBXBuildFile; fileRef = 7F1AC3532BA0BD300083C87F /* HomeDataMapperImpl.swift */; };
		7F1AC3572BA0BE9E0083C87F /* HomeDomainMapper.swift in Sources */ = {isa = PBXBuildFile; fileRef = 7F1AC3562BA0BE9E0083C87F /* HomeDomainMapper.swift */; };
		7F1AC3592BA0BEC90083C87F /* HomeDomainMapperImpl.swift in Sources */ = {isa = PBXBuildFile; fileRef = 7F1AC3582BA0BEC90083C87F /* HomeDomainMapperImpl.swift */; };
		7F544F692BA0A15D00351C42 /* AppDelegate.swift in Sources */ = {isa = PBXBuildFile; fileRef = 7F544F682BA0A15D00351C42 /* AppDelegate.swift */; };
		7F544F6B2BA0A15D00351C42 /* SceneDelegate.swift in Sources */ = {isa = PBXBuildFile; fileRef = 7F544F6A2BA0A15D00351C42 /* SceneDelegate.swift */; };
		7F544F722BA0A15E00351C42 /* Assets.xcassets in Resources */ = {isa = PBXBuildFile; fileRef = 7F544F712BA0A15E00351C42 /* Assets.xcassets */; };
		7F544F752BA0A15E00351C42 /* LaunchScreen.storyboard in Resources */ = {isa = PBXBuildFile; fileRef = 7F544F732BA0A15E00351C42 /* LaunchScreen.storyboard */; };
		7F544F812BA0A29D00351C42 /* Injection.swift in Sources */ = {isa = PBXBuildFile; fileRef = 7F544F802BA0A29D00351C42 /* Injection.swift */; };
		7F544F832BA0A2BD00351C42 /* MainControllerProvider.swift in Sources */ = {isa = PBXBuildFile; fileRef = 7F544F822BA0A2BD00351C42 /* MainControllerProvider.swift */; };
		7F544F852BA0A2CD00351C42 /* MainModule.swift in Sources */ = {isa = PBXBuildFile; fileRef = 7F544F842BA0A2CD00351C42 /* MainModule.swift */; };
		7F544F882BA0A3A200351C42 /* NotificationCenterWrapper.swift in Sources */ = {isa = PBXBuildFile; fileRef = 7F544F872BA0A3A200351C42 /* NotificationCenterWrapper.swift */; };
		7F544F8A2BA0A3AF00351C42 /* NotificationCenterWrapperImpl.swift in Sources */ = {isa = PBXBuildFile; fileRef = 7F544F892BA0A3AF00351C42 /* NotificationCenterWrapperImpl.swift */; };
		7F544F8E2BA0A40B00351C42 /* CoordinatorProtocol.swift in Sources */ = {isa = PBXBuildFile; fileRef = 7F544F8D2BA0A40B00351C42 /* CoordinatorProtocol.swift */; };
		7F544F922BA0A42900351C42 /* Coordinator.swift in Sources */ = {isa = PBXBuildFile; fileRef = 7F544F912BA0A42900351C42 /* Coordinator.swift */; };
		7F544F962BA0A46F00351C42 /* BaseViewController.swift in Sources */ = {isa = PBXBuildFile; fileRef = 7F544F952BA0A46F00351C42 /* BaseViewController.swift */; };
		7F544F982BA0A48500351C42 /* BaseViewModel.swift in Sources */ = {isa = PBXBuildFile; fileRef = 7F544F972BA0A48500351C42 /* BaseViewModel.swift */; };
		7F544F9D2BA0A4F800351C42 /* HomeModule.swift in Sources */ = {isa = PBXBuildFile; fileRef = 7F544F9C2BA0A4F800351C42 /* HomeModule.swift */; };
		7F544FA22BA0A51900351C42 /* HomeCoordinator.swift in Sources */ = {isa = PBXBuildFile; fileRef = 7F544FA12BA0A51900351C42 /* HomeCoordinator.swift */; };
		7F544FA42BA0A51F00351C42 /* HomeViewController.swift in Sources */ = {isa = PBXBuildFile; fileRef = 7F544FA32BA0A51F00351C42 /* HomeViewController.swift */; };
		7F544FA62BA0A52800351C42 /* HomeViewModel.swift in Sources */ = {isa = PBXBuildFile; fileRef = 7F544FA52BA0A52800351C42 /* HomeViewModel.swift */; };
		7F5DC45D2BA1399D008DAF8D /* TabBarCoordinator.swift in Sources */ = {isa = PBXBuildFile; fileRef = 7F5DC45C2BA1399D008DAF8D /* TabBarCoordinator.swift */; };
		7F5DC4602BA13A7B008DAF8D /* MainTabBarController.swift in Sources */ = {isa = PBXBuildFile; fileRef = 7F5DC45F2BA13A7B008DAF8D /* MainTabBarController.swift */; };
		7F5DC4622BA13AB2008DAF8D /* WishlistModule.swift in Sources */ = {isa = PBXBuildFile; fileRef = 7F5DC4612BA13AB2008DAF8D /* WishlistModule.swift */; };
		7F5DC4682BA13ADD008DAF8D /* WishlistViewController.swift in Sources */ = {isa = PBXBuildFile; fileRef = 7F5DC4672BA13ADD008DAF8D /* WishlistViewController.swift */; };
		7F5DC46A2BA13B0C008DAF8D /* WishlistCoordinator.swift in Sources */ = {isa = PBXBuildFile; fileRef = 7F5DC4692BA13B0C008DAF8D /* WishlistCoordinator.swift */; };
		7F5DC46C2BA13B17008DAF8D /* WishlistViewModel.swift in Sources */ = {isa = PBXBuildFile; fileRef = 7F5DC46B2BA13B17008DAF8D /* WishlistViewModel.swift */; };
		7F5DC46E2BA13CE1008DAF8D /* MainTabBarModule.swift in Sources */ = {isa = PBXBuildFile; fileRef = 7F5DC46D2BA13CE1008DAF8D /* MainTabBarModule.swift */; };
		7F5DC4702BA14AB2008DAF8D /* UIColorExtension.swift in Sources */ = {isa = PBXBuildFile; fileRef = 7F5DC46F2BA14AB2008DAF8D /* UIColorExtension.swift */; };
		7F5DC4722BA1703E008DAF8D /* WishlistTableViewCell.swift in Sources */ = {isa = PBXBuildFile; fileRef = 7F5DC4712BA1703E008DAF8D /* WishlistTableViewCell.swift */; };
		7F5DC4762BA17C8C008DAF8D /* ErrorType.swift in Sources */ = {isa = PBXBuildFile; fileRef = 7F5DC4752BA17C8C008DAF8D /* ErrorType.swift */; };
		7FFA0B302BA0C1020000F9FB /* HomeRemoteDataSource.swift in Sources */ = {isa = PBXBuildFile; fileRef = 7FFA0B2F2BA0C1020000F9FB /* HomeRemoteDataSource.swift */; };
		7FFA0B322BA0C1630000F9FB /* iTunesListQueryParams.swift in Sources */ = {isa = PBXBuildFile; fileRef = 7FFA0B312BA0C1630000F9FB /* iTunesListQueryParams.swift */; };
		7FFA0B342BA0C2200000F9FB /* HomeRemoteDataSourceImpl.swift in Sources */ = {isa = PBXBuildFile; fileRef = 7FFA0B332BA0C2200000F9FB /* HomeRemoteDataSourceImpl.swift */; };
		7FFA0B362BA0C2DE0000F9FB /* ApiiTunesListQueryParams.swift in Sources */ = {isa = PBXBuildFile; fileRef = 7FFA0B352BA0C2DE0000F9FB /* ApiiTunesListQueryParams.swift */; };
		7FFA0B3A2BA0C31D0000F9FB /* EncodableExtension.swift in Sources */ = {isa = PBXBuildFile; fileRef = 7FFA0B392BA0C31D0000F9FB /* EncodableExtension.swift */; };
		7FFA0B422BA0C4E90000F9FB /* HomeDataSource.swift in Sources */ = {isa = PBXBuildFile; fileRef = 7FFA0B412BA0C4E90000F9FB /* HomeDataSource.swift */; };
		7FFA0B442BA0C4F20000F9FB /* HomeRepository.swift in Sources */ = {isa = PBXBuildFile; fileRef = 7FFA0B432BA0C4F20000F9FB /* HomeRepository.swift */; };
		7FFA0B472BA0C5E00000F9FB /* GetItunesListUseCase.swift in Sources */ = {isa = PBXBuildFile; fileRef = 7FFA0B462BA0C5E00000F9FB /* GetItunesListUseCase.swift */; };
		7FFA0B492BA0D8330000F9FB /* HomeTableViewCell.swift in Sources */ = {isa = PBXBuildFile; fileRef = 7FFA0B482BA0D8330000F9FB /* HomeTableViewCell.swift */; };
		7FFA0B4B2BA0D85E0000F9FB /* UITableViewExtension.swift in Sources */ = {isa = PBXBuildFile; fileRef = 7FFA0B4A2BA0D85E0000F9FB /* UITableViewExtension.swift */; };
		7FFA0B4E2BA0D9310000F9FB /* Dimensions.swift in Sources */ = {isa = PBXBuildFile; fileRef = 7FFA0B4D2BA0D9310000F9FB /* Dimensions.swift */; };
		7FFA0B502BA0DF970000F9FB /* UIImageViewExtension.swift in Sources */ = {isa = PBXBuildFile; fileRef = 7FFA0B4F2BA0DF970000F9FB /* UIImageViewExtension.swift */; };
		7FFA0B572BA0E09C0000F9FB /* Montserrat-Bold.ttf in Resources */ = {isa = PBXBuildFile; fileRef = 7FFA0B532BA0E09C0000F9FB /* Montserrat-Bold.ttf */; };
		7FFA0B582BA0E09C0000F9FB /* Montserrat-Light.ttf in Resources */ = {isa = PBXBuildFile; fileRef = 7FFA0B542BA0E09C0000F9FB /* Montserrat-Light.ttf */; };
		7FFA0B592BA0E09C0000F9FB /* Montserrat-SemiBold.ttf in Resources */ = {isa = PBXBuildFile; fileRef = 7FFA0B552BA0E09C0000F9FB /* Montserrat-SemiBold.ttf */; };
		7FFA0B5A2BA0E09C0000F9FB /* Montserrat-Regular.ttf in Resources */ = {isa = PBXBuildFile; fileRef = 7FFA0B562BA0E09C0000F9FB /* Montserrat-Regular.ttf */; };
		7FFA0B5C2BA0E0DD0000F9FB /* Fonts.swift in Sources */ = {isa = PBXBuildFile; fileRef = 7FFA0B5B2BA0E0DD0000F9FB /* Fonts.swift */; };
		7FFA0B642BA0E3380000F9FB /* SongDetailViewModel.swift in Sources */ = {isa = PBXBuildFile; fileRef = 7FFA0B632BA0E3380000F9FB /* SongDetailViewModel.swift */; };
		7FFA0B662BA0E34A0000F9FB /* SongDetailViewController.swift in Sources */ = {isa = PBXBuildFile; fileRef = 7FFA0B652BA0E34A0000F9FB /* SongDetailViewController.swift */; };
		7FFA0B682BA0E3520000F9FB /* SongDetailCoordinator.swift in Sources */ = {isa = PBXBuildFile; fileRef = 7FFA0B672BA0E3520000F9FB /* SongDetailCoordinator.swift */; };
		7FFA0B6D2BA0E4C70000F9FB /* SongDetailModule.swift in Sources */ = {isa = PBXBuildFile; fileRef = 7FFA0B6C2BA0E4C70000F9FB /* SongDetailModule.swift */; };
		7FFA0B702BA0E6620000F9FB /* SongDetailArgs.swift in Sources */ = {isa = PBXBuildFile; fileRef = 7FFA0B6F2BA0E6620000F9FB /* SongDetailArgs.swift */; };
		7FFA0B782BA1120D0000F9FB /* FavoriteProductsManager.swift in Sources */ = {isa = PBXBuildFile; fileRef = 7FFA0B772BA1120D0000F9FB /* FavoriteProductsManager.swift */; };
		7FFA0B7A2BA118760000F9FB /* UIViewExtension.swift in Sources */ = {isa = PBXBuildFile; fileRef = 7FFA0B792BA118760000F9FB /* UIViewExtension.swift */; };
		7FFA0B7D2BA118C00000F9FB /* ClickableGestureRecognizer.swift in Sources */ = {isa = PBXBuildFile; fileRef = 7FFA0B7C2BA118C00000F9FB /* ClickableGestureRecognizer.swift */; };
		B2699DE84AA0B11095E980E1 /* Pods_WOM_iTunes.framework in Frameworks */ = {isa = PBXBuildFile; fileRef = 5CFC9371B6EFD524A00C89E0 /* Pods_WOM_iTunes.framework */; };
/* End PBXBuildFile section */

/* Begin PBXFileReference section */
		5CFC9371B6EFD524A00C89E0 /* Pods_WOM_iTunes.framework */ = {isa = PBXFileReference; explicitFileType = wrapper.framework; includeInIndex = 0; path = Pods_WOM_iTunes.framework; sourceTree = BUILT_PRODUCTS_DIR; };
		7F1AC31D2BA0AEB80083C87F /* ServerConstants.swift */ = {isa = PBXFileReference; fileEncoding = 4; lastKnownFileType = sourcecode.swift; path = ServerConstants.swift; sourceTree = "<group>"; };
		7F1AC31E2BA0AEB80083C87F /* HttpMethod.swift */ = {isa = PBXFileReference; fileEncoding = 4; lastKnownFileType = sourcecode.swift; path = HttpMethod.swift; sourceTree = "<group>"; };
		7F1AC31F2BA0AEB80083C87F /* ApiEmptyResponse.swift */ = {isa = PBXFileReference; fileEncoding = 4; lastKnownFileType = sourcecode.swift; path = ApiEmptyResponse.swift; sourceTree = "<group>"; };
		7F1AC3202BA0AEB80083C87F /* ApiResult.swift */ = {isa = PBXFileReference; fileEncoding = 4; lastKnownFileType = sourcecode.swift; path = ApiResult.swift; sourceTree = "<group>"; };
		7F1AC3212BA0AEB80083C87F /* ServiceLayerImpl.swift */ = {isa = PBXFileReference; fileEncoding = 4; lastKnownFileType = sourcecode.swift; path = ServiceLayerImpl.swift; sourceTree = "<group>"; };
		7F1AC3232BA0AEB80083C87F /* ServiceLayer.swift */ = {isa = PBXFileReference; fileEncoding = 4; lastKnownFileType = sourcecode.swift; path = ServiceLayer.swift; sourceTree = "<group>"; };
		7F1AC32E2BA0AF190083C87F /* BaseUseCase.swift */ = {isa = PBXFileReference; fileEncoding = 4; lastKnownFileType = sourcecode.swift; path = BaseUseCase.swift; sourceTree = "<group>"; };
		7F1AC32F2BA0AF190083C87F /* ClosureUseCase.swift */ = {isa = PBXFileReference; fileEncoding = 4; lastKnownFileType = sourcecode.swift; path = ClosureUseCase.swift; sourceTree = "<group>"; };
		7F1AC3322BA0AF190083C87F /* Reusable.swift */ = {isa = PBXFileReference; fileEncoding = 4; lastKnownFileType = sourcecode.swift; path = Reusable.swift; sourceTree = "<group>"; };
		7F1AC33A2BA0AF7F0083C87F /* NetworkModule.swift */ = {isa = PBXFileReference; lastKnownFileType = sourcecode.swift; path = NetworkModule.swift; sourceTree = "<group>"; };
		7F1AC33F2BA0B9B20083C87F /* ApiiTunesResponse.swift */ = {isa = PBXFileReference; lastKnownFileType = sourcecode.swift; path = ApiiTunesResponse.swift; sourceTree = "<group>"; };
		7F1AC3412BA0BA100083C87F /* ApiSongInformation.swift */ = {isa = PBXFileReference; lastKnownFileType = sourcecode.swift; path = ApiSongInformation.swift; sourceTree = "<group>"; };
		7F1AC3442BA0BBFC0083C87F /* DomainiTunesResponse.swift */ = {isa = PBXFileReference; lastKnownFileType = sourcecode.swift; path = DomainiTunesResponse.swift; sourceTree = "<group>"; };
		7F1AC3462BA0BC070083C87F /* DomainSongInformation.swift */ = {isa = PBXFileReference; lastKnownFileType = sourcecode.swift; path = DomainSongInformation.swift; sourceTree = "<group>"; };
		7F1AC3492BA0BC5B0083C87F /* UiiTunesResponse.swift */ = {isa = PBXFileReference; lastKnownFileType = sourcecode.swift; path = UiiTunesResponse.swift; sourceTree = "<group>"; };
		7F1AC34B2BA0BC6E0083C87F /* UiSongInformation.swift */ = {isa = PBXFileReference; lastKnownFileType = sourcecode.swift; path = UiSongInformation.swift; sourceTree = "<group>"; };
		7F1AC3512BA0BCF50083C87F /* HomeDataMapper.swift */ = {isa = PBXFileReference; lastKnownFileType = sourcecode.swift; path = HomeDataMapper.swift; sourceTree = "<group>"; };
		7F1AC3532BA0BD300083C87F /* HomeDataMapperImpl.swift */ = {isa = PBXFileReference; lastKnownFileType = sourcecode.swift; path = HomeDataMapperImpl.swift; sourceTree = "<group>"; };
		7F1AC3562BA0BE9E0083C87F /* HomeDomainMapper.swift */ = {isa = PBXFileReference; lastKnownFileType = sourcecode.swift; path = HomeDomainMapper.swift; sourceTree = "<group>"; };
		7F1AC3582BA0BEC90083C87F /* HomeDomainMapperImpl.swift */ = {isa = PBXFileReference; lastKnownFileType = sourcecode.swift; path = HomeDomainMapperImpl.swift; sourceTree = "<group>"; };
		7F544F652BA0A15D00351C42 /* WOM-iTunes.app */ = {isa = PBXFileReference; explicitFileType = wrapper.application; includeInIndex = 0; path = "WOM-iTunes.app"; sourceTree = BUILT_PRODUCTS_DIR; };
		7F544F682BA0A15D00351C42 /* AppDelegate.swift */ = {isa = PBXFileReference; lastKnownFileType = sourcecode.swift; path = AppDelegate.swift; sourceTree = "<group>"; };
		7F544F6A2BA0A15D00351C42 /* SceneDelegate.swift */ = {isa = PBXFileReference; lastKnownFileType = sourcecode.swift; path = SceneDelegate.swift; sourceTree = "<group>"; };
		7F544F712BA0A15E00351C42 /* Assets.xcassets */ = {isa = PBXFileReference; lastKnownFileType = folder.assetcatalog; path = Assets.xcassets; sourceTree = "<group>"; };
		7F544F742BA0A15E00351C42 /* Base */ = {isa = PBXFileReference; lastKnownFileType = file.storyboard; name = Base; path = Base.lproj/LaunchScreen.storyboard; sourceTree = "<group>"; };
		7F544F762BA0A15E00351C42 /* Info.plist */ = {isa = PBXFileReference; lastKnownFileType = text.plist.xml; path = Info.plist; sourceTree = "<group>"; };
		7F544F802BA0A29D00351C42 /* Injection.swift */ = {isa = PBXFileReference; lastKnownFileType = sourcecode.swift; path = Injection.swift; sourceTree = "<group>"; };
		7F544F822BA0A2BD00351C42 /* MainControllerProvider.swift */ = {isa = PBXFileReference; lastKnownFileType = sourcecode.swift; path = MainControllerProvider.swift; sourceTree = "<group>"; };
		7F544F842BA0A2CD00351C42 /* MainModule.swift */ = {isa = PBXFileReference; lastKnownFileType = sourcecode.swift; path = MainModule.swift; sourceTree = "<group>"; };
		7F544F872BA0A3A200351C42 /* NotificationCenterWrapper.swift */ = {isa = PBXFileReference; lastKnownFileType = sourcecode.swift; path = NotificationCenterWrapper.swift; sourceTree = "<group>"; };
		7F544F892BA0A3AF00351C42 /* NotificationCenterWrapperImpl.swift */ = {isa = PBXFileReference; lastKnownFileType = sourcecode.swift; path = NotificationCenterWrapperImpl.swift; sourceTree = "<group>"; };
		7F544F8D2BA0A40B00351C42 /* CoordinatorProtocol.swift */ = {isa = PBXFileReference; lastKnownFileType = sourcecode.swift; path = CoordinatorProtocol.swift; sourceTree = "<group>"; };
		7F544F912BA0A42900351C42 /* Coordinator.swift */ = {isa = PBXFileReference; lastKnownFileType = sourcecode.swift; path = Coordinator.swift; sourceTree = "<group>"; };
		7F544F952BA0A46F00351C42 /* BaseViewController.swift */ = {isa = PBXFileReference; lastKnownFileType = sourcecode.swift; path = BaseViewController.swift; sourceTree = "<group>"; };
		7F544F972BA0A48500351C42 /* BaseViewModel.swift */ = {isa = PBXFileReference; lastKnownFileType = sourcecode.swift; path = BaseViewModel.swift; sourceTree = "<group>"; };
		7F544F9C2BA0A4F800351C42 /* HomeModule.swift */ = {isa = PBXFileReference; lastKnownFileType = sourcecode.swift; path = HomeModule.swift; sourceTree = "<group>"; };
		7F544FA12BA0A51900351C42 /* HomeCoordinator.swift */ = {isa = PBXFileReference; lastKnownFileType = sourcecode.swift; path = HomeCoordinator.swift; sourceTree = "<group>"; };
		7F544FA32BA0A51F00351C42 /* HomeViewController.swift */ = {isa = PBXFileReference; lastKnownFileType = sourcecode.swift; path = HomeViewController.swift; sourceTree = "<group>"; };
		7F544FA52BA0A52800351C42 /* HomeViewModel.swift */ = {isa = PBXFileReference; lastKnownFileType = sourcecode.swift; path = HomeViewModel.swift; sourceTree = "<group>"; };
		7F5DC45C2BA1399D008DAF8D /* TabBarCoordinator.swift */ = {isa = PBXFileReference; lastKnownFileType = sourcecode.swift; path = TabBarCoordinator.swift; sourceTree = "<group>"; };
		7F5DC45F2BA13A7B008DAF8D /* MainTabBarController.swift */ = {isa = PBXFileReference; lastKnownFileType = sourcecode.swift; path = MainTabBarController.swift; sourceTree = "<group>"; };
		7F5DC4612BA13AB2008DAF8D /* WishlistModule.swift */ = {isa = PBXFileReference; lastKnownFileType = sourcecode.swift; path = WishlistModule.swift; sourceTree = "<group>"; };
		7F5DC4672BA13ADD008DAF8D /* WishlistViewController.swift */ = {isa = PBXFileReference; lastKnownFileType = sourcecode.swift; path = WishlistViewController.swift; sourceTree = "<group>"; };
		7F5DC4692BA13B0C008DAF8D /* WishlistCoordinator.swift */ = {isa = PBXFileReference; lastKnownFileType = sourcecode.swift; path = WishlistCoordinator.swift; sourceTree = "<group>"; };
		7F5DC46B2BA13B17008DAF8D /* WishlistViewModel.swift */ = {isa = PBXFileReference; lastKnownFileType = sourcecode.swift; path = WishlistViewModel.swift; sourceTree = "<group>"; };
		7F5DC46D2BA13CE1008DAF8D /* MainTabBarModule.swift */ = {isa = PBXFileReference; lastKnownFileType = sourcecode.swift; path = MainTabBarModule.swift; sourceTree = "<group>"; };
		7F5DC46F2BA14AB2008DAF8D /* UIColorExtension.swift */ = {isa = PBXFileReference; lastKnownFileType = sourcecode.swift; path = UIColorExtension.swift; sourceTree = "<group>"; };
		7F5DC4712BA1703E008DAF8D /* WishlistTableViewCell.swift */ = {isa = PBXFileReference; lastKnownFileType = sourcecode.swift; path = WishlistTableViewCell.swift; sourceTree = "<group>"; };
		7F5DC4752BA17C8C008DAF8D /* ErrorType.swift */ = {isa = PBXFileReference; lastKnownFileType = sourcecode.swift; path = ErrorType.swift; sourceTree = "<group>"; };
		7FFA0B2F2BA0C1020000F9FB /* HomeRemoteDataSource.swift */ = {isa = PBXFileReference; lastKnownFileType = sourcecode.swift; path = HomeRemoteDataSource.swift; sourceTree = "<group>"; };
		7FFA0B312BA0C1630000F9FB /* iTunesListQueryParams.swift */ = {isa = PBXFileReference; lastKnownFileType = sourcecode.swift; path = iTunesListQueryParams.swift; sourceTree = "<group>"; };
		7FFA0B332BA0C2200000F9FB /* HomeRemoteDataSourceImpl.swift */ = {isa = PBXFileReference; lastKnownFileType = sourcecode.swift; path = HomeRemoteDataSourceImpl.swift; sourceTree = "<group>"; };
		7FFA0B352BA0C2DE0000F9FB /* ApiiTunesListQueryParams.swift */ = {isa = PBXFileReference; lastKnownFileType = sourcecode.swift; path = ApiiTunesListQueryParams.swift; sourceTree = "<group>"; };
		7FFA0B392BA0C31D0000F9FB /* EncodableExtension.swift */ = {isa = PBXFileReference; lastKnownFileType = sourcecode.swift; path = EncodableExtension.swift; sourceTree = "<group>"; };
		7FFA0B412BA0C4E90000F9FB /* HomeDataSource.swift */ = {isa = PBXFileReference; lastKnownFileType = sourcecode.swift; path = HomeDataSource.swift; sourceTree = "<group>"; };
		7FFA0B432BA0C4F20000F9FB /* HomeRepository.swift */ = {isa = PBXFileReference; lastKnownFileType = sourcecode.swift; path = HomeRepository.swift; sourceTree = "<group>"; };
		7FFA0B462BA0C5E00000F9FB /* GetItunesListUseCase.swift */ = {isa = PBXFileReference; lastKnownFileType = sourcecode.swift; path = GetItunesListUseCase.swift; sourceTree = "<group>"; };
		7FFA0B482BA0D8330000F9FB /* HomeTableViewCell.swift */ = {isa = PBXFileReference; lastKnownFileType = sourcecode.swift; path = HomeTableViewCell.swift; sourceTree = "<group>"; };
		7FFA0B4A2BA0D85E0000F9FB /* UITableViewExtension.swift */ = {isa = PBXFileReference; lastKnownFileType = sourcecode.swift; path = UITableViewExtension.swift; sourceTree = "<group>"; };
		7FFA0B4D2BA0D9310000F9FB /* Dimensions.swift */ = {isa = PBXFileReference; lastKnownFileType = sourcecode.swift; path = Dimensions.swift; sourceTree = "<group>"; };
		7FFA0B4F2BA0DF970000F9FB /* UIImageViewExtension.swift */ = {isa = PBXFileReference; lastKnownFileType = sourcecode.swift; path = UIImageViewExtension.swift; sourceTree = "<group>"; };
		7FFA0B532BA0E09C0000F9FB /* Montserrat-Bold.ttf */ = {isa = PBXFileReference; lastKnownFileType = file; path = "Montserrat-Bold.ttf"; sourceTree = "<group>"; };
		7FFA0B542BA0E09C0000F9FB /* Montserrat-Light.ttf */ = {isa = PBXFileReference; lastKnownFileType = file; path = "Montserrat-Light.ttf"; sourceTree = "<group>"; };
		7FFA0B552BA0E09C0000F9FB /* Montserrat-SemiBold.ttf */ = {isa = PBXFileReference; lastKnownFileType = file; path = "Montserrat-SemiBold.ttf"; sourceTree = "<group>"; };
		7FFA0B562BA0E09C0000F9FB /* Montserrat-Regular.ttf */ = {isa = PBXFileReference; lastKnownFileType = file; path = "Montserrat-Regular.ttf"; sourceTree = "<group>"; };
		7FFA0B5B2BA0E0DD0000F9FB /* Fonts.swift */ = {isa = PBXFileReference; lastKnownFileType = sourcecode.swift; path = Fonts.swift; sourceTree = "<group>"; };
		7FFA0B632BA0E3380000F9FB /* SongDetailViewModel.swift */ = {isa = PBXFileReference; lastKnownFileType = sourcecode.swift; path = SongDetailViewModel.swift; sourceTree = "<group>"; };
		7FFA0B652BA0E34A0000F9FB /* SongDetailViewController.swift */ = {isa = PBXFileReference; lastKnownFileType = sourcecode.swift; path = SongDetailViewController.swift; sourceTree = "<group>"; };
		7FFA0B672BA0E3520000F9FB /* SongDetailCoordinator.swift */ = {isa = PBXFileReference; lastKnownFileType = sourcecode.swift; path = SongDetailCoordinator.swift; sourceTree = "<group>"; };
		7FFA0B6C2BA0E4C70000F9FB /* SongDetailModule.swift */ = {isa = PBXFileReference; lastKnownFileType = sourcecode.swift; path = SongDetailModule.swift; sourceTree = "<group>"; };
		7FFA0B6F2BA0E6620000F9FB /* SongDetailArgs.swift */ = {isa = PBXFileReference; lastKnownFileType = sourcecode.swift; path = SongDetailArgs.swift; sourceTree = "<group>"; };
		7FFA0B772BA1120D0000F9FB /* FavoriteProductsManager.swift */ = {isa = PBXFileReference; lastKnownFileType = sourcecode.swift; path = FavoriteProductsManager.swift; sourceTree = "<group>"; };
		7FFA0B792BA118760000F9FB /* UIViewExtension.swift */ = {isa = PBXFileReference; lastKnownFileType = sourcecode.swift; path = UIViewExtension.swift; sourceTree = "<group>"; };
		7FFA0B7C2BA118C00000F9FB /* ClickableGestureRecognizer.swift */ = {isa = PBXFileReference; lastKnownFileType = sourcecode.swift; path = ClickableGestureRecognizer.swift; sourceTree = "<group>"; };
		C793B4C0A65B28E69552F64E /* Pods-WOM-iTunes.release.xcconfig */ = {isa = PBXFileReference; includeInIndex = 1; lastKnownFileType = text.xcconfig; name = "Pods-WOM-iTunes.release.xcconfig"; path = "Target Support Files/Pods-WOM-iTunes/Pods-WOM-iTunes.release.xcconfig"; sourceTree = "<group>"; };
		F9DDB6552C5222D45F8795BA /* Pods-WOM-iTunes.debug.xcconfig */ = {isa = PBXFileReference; includeInIndex = 1; lastKnownFileType = text.xcconfig; name = "Pods-WOM-iTunes.debug.xcconfig"; path = "Target Support Files/Pods-WOM-iTunes/Pods-WOM-iTunes.debug.xcconfig"; sourceTree = "<group>"; };
/* End PBXFileReference section */

/* Begin PBXFrameworksBuildPhase section */
		7F544F622BA0A15D00351C42 /* Frameworks */ = {
			isa = PBXFrameworksBuildPhase;
			buildActionMask = 2147483647;
			files = (
				B2699DE84AA0B11095E980E1 /* Pods_WOM_iTunes.framework in Frameworks */,
			);
			runOnlyForDeploymentPostprocessing = 0;
		};
/* End PBXFrameworksBuildPhase section */

/* Begin PBXGroup section */
		7F1AC31A2BA0AE890083C87F /* Network */ = {
			isa = PBXGroup;
			children = (
				7F1AC31B2BA0AE970083C87F /* DI */,
				7F5DC4772BA17CA9008DAF8D /* Entity */,
				7F1AC31C2BA0AEA30083C87F /* Manager */,
			);
			path = Network;
			sourceTree = "<group>";
		};
		7F1AC31B2BA0AE970083C87F /* DI */ = {
			isa = PBXGroup;
			children = (
				7F1AC33A2BA0AF7F0083C87F /* NetworkModule.swift */,
			);
			path = DI;
			sourceTree = "<group>";
		};
		7F1AC31C2BA0AEA30083C87F /* Manager */ = {
			isa = PBXGroup;
			children = (
				7F1AC3232BA0AEB80083C87F /* ServiceLayer.swift */,
				7F1AC3212BA0AEB80083C87F /* ServiceLayerImpl.swift */,
			);
			path = Manager;
			sourceTree = "<group>";
		};
		7F1AC32B2BA0AF000083C87F /* Domain */ = {
			isa = PBXGroup;
			children = (
				7F1AC3312BA0AF190083C87F /* Entity */,
				7F1AC32D2BA0AF190083C87F /* UseCase */,
			);
			path = Domain;
			sourceTree = "<group>";
		};
		7F1AC32D2BA0AF190083C87F /* UseCase */ = {
			isa = PBXGroup;
			children = (
				7F1AC32E2BA0AF190083C87F /* BaseUseCase.swift */,
				7F1AC32F2BA0AF190083C87F /* ClosureUseCase.swift */,
			);
			path = UseCase;
			sourceTree = "<group>";
		};
		7F1AC3312BA0AF190083C87F /* Entity */ = {
			isa = PBXGroup;
			children = (
				7F1AC3322BA0AF190083C87F /* Reusable.swift */,
			);
			path = Entity;
			sourceTree = "<group>";
		};
		7F1AC33C2BA0B8880083C87F /* Data */ = {
			isa = PBXGroup;
			children = (
				7F1AC33E2BA0B8950083C87F /* Entity */,
				7F1AC3502BA0BCE70083C87F /* Mapper */,
				7FFA0B2E2BA0C0DC0000F9FB /* DataSource */,
				7FFA0B402BA0C4DC0000F9FB /* Repository */,
			);
			path = Data;
			sourceTree = "<group>";
		};
		7F1AC33D2BA0B88E0083C87F /* Domain */ = {
			isa = PBXGroup;
			children = (
				7F1AC3432BA0BBE50083C87F /* Entity */,
				7F1AC3552BA0BE7D0083C87F /* Mapper */,
				7FFA0B452BA0C5C40000F9FB /* UseCase */,
			);
			path = Domain;
			sourceTree = "<group>";
		};
		7F1AC33E2BA0B8950083C87F /* Entity */ = {
			isa = PBXGroup;
			children = (
				7F1AC33F2BA0B9B20083C87F /* ApiiTunesResponse.swift */,
				7F1AC3412BA0BA100083C87F /* ApiSongInformation.swift */,
				7FFA0B352BA0C2DE0000F9FB /* ApiiTunesListQueryParams.swift */,
			);
			path = Entity;
			sourceTree = "<group>";
		};
		7F1AC3432BA0BBE50083C87F /* Entity */ = {
			isa = PBXGroup;
			children = (
				7F1AC3442BA0BBFC0083C87F /* DomainiTunesResponse.swift */,
				7F1AC3462BA0BC070083C87F /* DomainSongInformation.swift */,
				7FFA0B312BA0C1630000F9FB /* iTunesListQueryParams.swift */,
			);
			path = Entity;
			sourceTree = "<group>";
		};
		7F1AC3482BA0BC4C0083C87F /* Entity */ = {
			isa = PBXGroup;
			children = (
				7F1AC3492BA0BC5B0083C87F /* UiiTunesResponse.swift */,
				7F1AC34B2BA0BC6E0083C87F /* UiSongInformation.swift */,
			);
			path = Entity;
			sourceTree = "<group>";
		};
		7F1AC3502BA0BCE70083C87F /* Mapper */ = {
			isa = PBXGroup;
			children = (
				7F1AC3512BA0BCF50083C87F /* HomeDataMapper.swift */,
				7F1AC3532BA0BD300083C87F /* HomeDataMapperImpl.swift */,
			);
			path = Mapper;
			sourceTree = "<group>";
		};
		7F1AC3552BA0BE7D0083C87F /* Mapper */ = {
			isa = PBXGroup;
			children = (
				7F1AC3562BA0BE9E0083C87F /* HomeDomainMapper.swift */,
				7F1AC3582BA0BEC90083C87F /* HomeDomainMapperImpl.swift */,
			);
			path = Mapper;
			sourceTree = "<group>";
		};
		7F544F5C2BA0A15D00351C42 = {
			isa = PBXGroup;
			children = (
				7F544F672BA0A15D00351C42 /* WOM-iTunes */,
				7F544F662BA0A15D00351C42 /* Products */,
				A47EC44A1D9D9BBF2F24EAE6 /* Pods */,
				9043B1F88A40E2505E9341D6 /* Frameworks */,
			);
			sourceTree = "<group>";
		};
		7F544F662BA0A15D00351C42 /* Products */ = {
			isa = PBXGroup;
			children = (
				7F544F652BA0A15D00351C42 /* WOM-iTunes.app */,
			);
			name = Products;
			sourceTree = "<group>";
		};
		7F544F672BA0A15D00351C42 /* WOM-iTunes */ = {
			isa = PBXGroup;
			children = (
				7F544F7C2BA0A24B00351C42 /* AppLife */,
				7F544F7D2BA0A27600351C42 /* AppModule */,
				7FFA0B512BA0E0890000F9FB /* Resources */,
				7FFA0B372BA0C3070000F9FB /* Utils */,
				7F544F762BA0A15E00351C42 /* Info.plist */,
			);
			path = "WOM-iTunes";
			sourceTree = "<group>";
		};
		7F544F7C2BA0A24B00351C42 /* AppLife */ = {
			isa = PBXGroup;
			children = (
				7F544F682BA0A15D00351C42 /* AppDelegate.swift */,
				7F544F6A2BA0A15D00351C42 /* SceneDelegate.swift */,
			);
			path = AppLife;
			sourceTree = "<group>";
		};
		7F544F7D2BA0A27600351C42 /* AppModule */ = {
			isa = PBXGroup;
			children = (
				7F544F7E2BA0A28B00351C42 /* Core */,
				7F1AC31A2BA0AE890083C87F /* Network */,
				7F5DC45E2BA13A5E008DAF8D /* MainTabBar */,
				7F544F992BA0A4DF00351C42 /* Home */,
				7FFA0B5D2BA0E2030000F9FB /* SongDetail */,
				7F5DC45A2BA1389E008DAF8D /* Wishlist */,
			);
			path = AppModule;
			sourceTree = "<group>";
		};
		7F544F7E2BA0A28B00351C42 /* Core */ = {
			isa = PBXGroup;
			children = (
				7F544F7F2BA0A29000351C42 /* DI */,
				7F544F862BA0A39100351C42 /* Data */,
				7F1AC32B2BA0AF000083C87F /* Domain */,
				7F544F8B2BA0A3EB00351C42 /* Presentation */,
			);
			path = Core;
			sourceTree = "<group>";
		};
		7F544F7F2BA0A29000351C42 /* DI */ = {
			isa = PBXGroup;
			children = (
				7F544F802BA0A29D00351C42 /* Injection.swift */,
				7F544F822BA0A2BD00351C42 /* MainControllerProvider.swift */,
				7F544F842BA0A2CD00351C42 /* MainModule.swift */,
			);
			path = DI;
			sourceTree = "<group>";
		};
		7F544F862BA0A39100351C42 /* Data */ = {
			isa = PBXGroup;
			children = (
				7FFA0B752BA111F00000F9FB /* NotificationCenterWrapper */,
				7FFA0B762BA111FC0000F9FB /* FavoriteProductsManager */,
			);
			path = Data;
			sourceTree = "<group>";
		};
		7F544F8B2BA0A3EB00351C42 /* Presentation */ = {
			isa = PBXGroup;
			children = (
				7F5DC4732BA17A5A008DAF8D /* Base */,
				7F544F8C2BA0A3FE00351C42 /* Coordinator */,
				7F544F932BA0A43F00351C42 /* View */,
				7FFA0B7B2BA118B50000F9FB /* UIEvent */,
			);
			path = Presentation;
			sourceTree = "<group>";
		};
		7F544F8C2BA0A3FE00351C42 /* Coordinator */ = {
			isa = PBXGroup;
			children = (
				7F544F912BA0A42900351C42 /* Coordinator.swift */,
				7F544F8D2BA0A40B00351C42 /* CoordinatorProtocol.swift */,
				7F5DC45C2BA1399D008DAF8D /* TabBarCoordinator.swift */,
			);
			path = Coordinator;
			sourceTree = "<group>";
		};
		7F544F932BA0A43F00351C42 /* View */ = {
			isa = PBXGroup;
			children = (
				7F5DC4742BA17A71008DAF8D /* Launch */,
			);
			path = View;
			sourceTree = "<group>";
		};
		7F544F992BA0A4DF00351C42 /* Home */ = {
			isa = PBXGroup;
			children = (
				7F544F9A2BA0A4E600351C42 /* DI */,
				7F1AC33C2BA0B8880083C87F /* Data */,
				7F1AC33D2BA0B88E0083C87F /* Domain */,
				7F544F9B2BA0A4EA00351C42 /* Presentation */,
			);
			path = Home;
			sourceTree = "<group>";
		};
		7F544F9A2BA0A4E600351C42 /* DI */ = {
			isa = PBXGroup;
			children = (
				7F544F9C2BA0A4F800351C42 /* HomeModule.swift */,
			);
			path = DI;
			sourceTree = "<group>";
		};
		7F544F9B2BA0A4EA00351C42 /* Presentation */ = {
			isa = PBXGroup;
			children = (
				7F1AC3482BA0BC4C0083C87F /* Entity */,
				7F544F9F2BA0A50100351C42 /* Coordinator */,
				7F544F9E2BA0A4FC00351C42 /* View */,
				7F544FA02BA0A50800351C42 /* ViewModel */,
			);
			path = Presentation;
			sourceTree = "<group>";
		};
		7F544F9E2BA0A4FC00351C42 /* View */ = {
			isa = PBXGroup;
			children = (
				7F544FA32BA0A51F00351C42 /* HomeViewController.swift */,
				7FFA0B482BA0D8330000F9FB /* HomeTableViewCell.swift */,
			);
			path = View;
			sourceTree = "<group>";
		};
		7F544F9F2BA0A50100351C42 /* Coordinator */ = {
			isa = PBXGroup;
			children = (
				7F544FA12BA0A51900351C42 /* HomeCoordinator.swift */,
			);
			path = Coordinator;
			sourceTree = "<group>";
		};
		7F544FA02BA0A50800351C42 /* ViewModel */ = {
			isa = PBXGroup;
			children = (
				7F544FA52BA0A52800351C42 /* HomeViewModel.swift */,
			);
			path = ViewModel;
			sourceTree = "<group>";
		};
		7F5DC45A2BA1389E008DAF8D /* Wishlist */ = {
			isa = PBXGroup;
			children = (
				7F5DC45B2BA138C4008DAF8D /* DI */,
				7F5DC4632BA13AB6008DAF8D /* Presentation */,
			);
			path = Wishlist;
			sourceTree = "<group>";
		};
		7F5DC45B2BA138C4008DAF8D /* DI */ = {
			isa = PBXGroup;
			children = (
				7F5DC4612BA13AB2008DAF8D /* WishlistModule.swift */,
			);
			path = DI;
			sourceTree = "<group>";
		};
		7F5DC45E2BA13A5E008DAF8D /* MainTabBar */ = {
			isa = PBXGroup;
			children = (
				7F5DC45F2BA13A7B008DAF8D /* MainTabBarController.swift */,
				7F5DC46D2BA13CE1008DAF8D /* MainTabBarModule.swift */,
			);
			path = MainTabBar;
			sourceTree = "<group>";
		};
		7F5DC4632BA13AB6008DAF8D /* Presentation */ = {
			isa = PBXGroup;
			children = (
				7F5DC4642BA13ABF008DAF8D /* Coordinator */,
				7F5DC4662BA13ACF008DAF8D /* View */,
				7F5DC4652BA13AC3008DAF8D /* ViewModel */,
			);
			path = Presentation;
			sourceTree = "<group>";
		};
		7F5DC4642BA13ABF008DAF8D /* Coordinator */ = {
			isa = PBXGroup;
			children = (
				7F5DC4692BA13B0C008DAF8D /* WishlistCoordinator.swift */,
			);
			path = Coordinator;
			sourceTree = "<group>";
		};
		7F5DC4652BA13AC3008DAF8D /* ViewModel */ = {
			isa = PBXGroup;
			children = (
				7F5DC46B2BA13B17008DAF8D /* WishlistViewModel.swift */,
			);
			path = ViewModel;
			sourceTree = "<group>";
		};
		7F5DC4662BA13ACF008DAF8D /* View */ = {
			isa = PBXGroup;
			children = (
				7F5DC4672BA13ADD008DAF8D /* WishlistViewController.swift */,
				7F5DC4712BA1703E008DAF8D /* WishlistTableViewCell.swift */,
			);
			path = View;
			sourceTree = "<group>";
		};
		7F5DC4732BA17A5A008DAF8D /* Base */ = {
			isa = PBXGroup;
			children = (
				7F544F952BA0A46F00351C42 /* BaseViewController.swift */,
				7F544F972BA0A48500351C42 /* BaseViewModel.swift */,
			);
			path = Base;
			sourceTree = "<group>";
		};
		7F5DC4742BA17A71008DAF8D /* Launch */ = {
			isa = PBXGroup;
			children = (
				7F544F732BA0A15E00351C42 /* LaunchScreen.storyboard */,
			);
			path = Launch;
			sourceTree = "<group>";
		};
		7F5DC4772BA17CA9008DAF8D /* Entity */ = {
			isa = PBXGroup;
			children = (
				7F1AC31F2BA0AEB80083C87F /* ApiEmptyResponse.swift */,
				7F1AC3202BA0AEB80083C87F /* ApiResult.swift */,
				7F5DC4752BA17C8C008DAF8D /* ErrorType.swift */,
				7F1AC31E2BA0AEB80083C87F /* HttpMethod.swift */,
				7F1AC31D2BA0AEB80083C87F /* ServerConstants.swift */,
			);
			path = Entity;
			sourceTree = "<group>";
		};
		7FFA0B2E2BA0C0DC0000F9FB /* DataSource */ = {
			isa = PBXGroup;
			children = (
				7FFA0B2F2BA0C1020000F9FB /* HomeRemoteDataSource.swift */,
				7FFA0B332BA0C2200000F9FB /* HomeRemoteDataSourceImpl.swift */,
			);
			path = DataSource;
			sourceTree = "<group>";
		};
		7FFA0B372BA0C3070000F9FB /* Utils */ = {
			isa = PBXGroup;
			children = (
				7FFA0B4C2BA0D9260000F9FB /* Constants */,
				7FFA0B382BA0C3110000F9FB /* Extensions */,
			);
			path = Utils;
			sourceTree = "<group>";
		};
		7FFA0B382BA0C3110000F9FB /* Extensions */ = {
			isa = PBXGroup;
			children = (
				7FFA0B392BA0C31D0000F9FB /* EncodableExtension.swift */,
				7FFA0B4A2BA0D85E0000F9FB /* UITableViewExtension.swift */,
				7FFA0B4F2BA0DF970000F9FB /* UIImageViewExtension.swift */,
				7FFA0B792BA118760000F9FB /* UIViewExtension.swift */,
				7F5DC46F2BA14AB2008DAF8D /* UIColorExtension.swift */,
			);
			path = Extensions;
			sourceTree = "<group>";
		};
		7FFA0B402BA0C4DC0000F9FB /* Repository */ = {
			isa = PBXGroup;
			children = (
				7FFA0B412BA0C4E90000F9FB /* HomeDataSource.swift */,
				7FFA0B432BA0C4F20000F9FB /* HomeRepository.swift */,
			);
			path = Repository;
			sourceTree = "<group>";
		};
		7FFA0B452BA0C5C40000F9FB /* UseCase */ = {
			isa = PBXGroup;
			children = (
				7FFA0B462BA0C5E00000F9FB /* GetItunesListUseCase.swift */,
			);
			path = UseCase;
			sourceTree = "<group>";
		};
		7FFA0B4C2BA0D9260000F9FB /* Constants */ = {
			isa = PBXGroup;
			children = (
				7FFA0B4D2BA0D9310000F9FB /* Dimensions.swift */,
				7FFA0B5B2BA0E0DD0000F9FB /* Fonts.swift */,
			);
			path = Constants;
			sourceTree = "<group>";
		};
		7FFA0B512BA0E0890000F9FB /* Resources */ = {
			isa = PBXGroup;
			children = (
				7FFA0B522BA0E0900000F9FB /* Font */,
				7F544F712BA0A15E00351C42 /* Assets.xcassets */,
			);
			path = Resources;
			sourceTree = "<group>";
		};
		7FFA0B522BA0E0900000F9FB /* Font */ = {
			isa = PBXGroup;
			children = (
				7FFA0B532BA0E09C0000F9FB /* Montserrat-Bold.ttf */,
				7FFA0B542BA0E09C0000F9FB /* Montserrat-Light.ttf */,
				7FFA0B562BA0E09C0000F9FB /* Montserrat-Regular.ttf */,
				7FFA0B552BA0E09C0000F9FB /* Montserrat-SemiBold.ttf */,
			);
			path = Font;
			sourceTree = "<group>";
		};
		7FFA0B5D2BA0E2030000F9FB /* SongDetail */ = {
			isa = PBXGroup;
			children = (
				7FFA0B5E2BA0E21E0000F9FB /* DI */,
				7FFA0B5F2BA0E2230000F9FB /* Presentation */,
			);
			path = SongDetail;
			sourceTree = "<group>";
		};
		7FFA0B5E2BA0E21E0000F9FB /* DI */ = {
			isa = PBXGroup;
			children = (
				7FFA0B6C2BA0E4C70000F9FB /* SongDetailModule.swift */,
			);
			path = DI;
			sourceTree = "<group>";
		};
		7FFA0B5F2BA0E2230000F9FB /* Presentation */ = {
			isa = PBXGroup;
			children = (
				7FFA0B6E2BA0E6560000F9FB /* Entity */,
				7FFA0B602BA0E3220000F9FB /* Coordinator */,
				7FFA0B612BA0E3280000F9FB /* View */,
				7FFA0B622BA0E32D0000F9FB /* ViewModel */,
			);
			path = Presentation;
			sourceTree = "<group>";
		};
		7FFA0B602BA0E3220000F9FB /* Coordinator */ = {
			isa = PBXGroup;
			children = (
				7FFA0B672BA0E3520000F9FB /* SongDetailCoordinator.swift */,
			);
			path = Coordinator;
			sourceTree = "<group>";
		};
		7FFA0B612BA0E3280000F9FB /* View */ = {
			isa = PBXGroup;
			children = (
				7FFA0B652BA0E34A0000F9FB /* SongDetailViewController.swift */,
			);
			path = View;
			sourceTree = "<group>";
		};
		7FFA0B622BA0E32D0000F9FB /* ViewModel */ = {
			isa = PBXGroup;
			children = (
				7FFA0B632BA0E3380000F9FB /* SongDetailViewModel.swift */,
			);
			path = ViewModel;
			sourceTree = "<group>";
		};
		7FFA0B6E2BA0E6560000F9FB /* Entity */ = {
			isa = PBXGroup;
			children = (
				7FFA0B6F2BA0E6620000F9FB /* SongDetailArgs.swift */,
			);
			path = Entity;
			sourceTree = "<group>";
		};
		7FFA0B752BA111F00000F9FB /* NotificationCenterWrapper */ = {
			isa = PBXGroup;
			children = (
				7F544F872BA0A3A200351C42 /* NotificationCenterWrapper.swift */,
				7F544F892BA0A3AF00351C42 /* NotificationCenterWrapperImpl.swift */,
			);
			path = NotificationCenterWrapper;
			sourceTree = "<group>";
		};
		7FFA0B762BA111FC0000F9FB /* FavoriteProductsManager */ = {
			isa = PBXGroup;
			children = (
				7FFA0B772BA1120D0000F9FB /* FavoriteProductsManager.swift */,
			);
			path = FavoriteProductsManager;
			sourceTree = "<group>";
		};
		7FFA0B7B2BA118B50000F9FB /* UIEvent */ = {
			isa = PBXGroup;
			children = (
				7FFA0B7C2BA118C00000F9FB /* ClickableGestureRecognizer.swift */,
			);
			path = UIEvent;
			sourceTree = "<group>";
		};
		9043B1F88A40E2505E9341D6 /* Frameworks */ = {
			isa = PBXGroup;
			children = (
				5CFC9371B6EFD524A00C89E0 /* Pods_WOM_iTunes.framework */,
			);
			name = Frameworks;
			sourceTree = "<group>";
		};
		A47EC44A1D9D9BBF2F24EAE6 /* Pods */ = {
			isa = PBXGroup;
			children = (
				F9DDB6552C5222D45F8795BA /* Pods-WOM-iTunes.debug.xcconfig */,
				C793B4C0A65B28E69552F64E /* Pods-WOM-iTunes.release.xcconfig */,
			);
			path = Pods;
			sourceTree = "<group>";
		};
/* End PBXGroup section */

/* Begin PBXNativeTarget section */
		7F544F642BA0A15D00351C42 /* WOM-iTunes */ = {
			isa = PBXNativeTarget;
			buildConfigurationList = 7F544F792BA0A15E00351C42 /* Build configuration list for PBXNativeTarget "WOM-iTunes" */;
			buildPhases = (
				4C09752010D3D8B8D3B934BA /* [CP] Check Pods Manifest.lock */,
				7F544F612BA0A15D00351C42 /* Sources */,
				7F544F622BA0A15D00351C42 /* Frameworks */,
				7F544F632BA0A15D00351C42 /* Resources */,
				049E8FF9D74029AC6F983A1D /* [CP] Embed Pods Frameworks */,
			);
			buildRules = (
			);
			dependencies = (
			);
			name = "WOM-iTunes";
			productName = "WOM-iTunes";
			productReference = 7F544F652BA0A15D00351C42 /* WOM-iTunes.app */;
			productType = "com.apple.product-type.application";
		};
/* End PBXNativeTarget section */

/* Begin PBXProject section */
		7F544F5D2BA0A15D00351C42 /* Project object */ = {
			isa = PBXProject;
			attributes = {
				BuildIndependentTargetsInParallel = 1;
				LastSwiftUpdateCheck = 1520;
				LastUpgradeCheck = 1520;
				TargetAttributes = {
					7F544F642BA0A15D00351C42 = {
						CreatedOnToolsVersion = 15.2;
					};
				};
			};
			buildConfigurationList = 7F544F602BA0A15D00351C42 /* Build configuration list for PBXProject "WOM-iTunes" */;
			compatibilityVersion = "Xcode 14.0";
			developmentRegion = en;
			hasScannedForEncodings = 0;
			knownRegions = (
				en,
				Base,
			);
			mainGroup = 7F544F5C2BA0A15D00351C42;
			productRefGroup = 7F544F662BA0A15D00351C42 /* Products */;
			projectDirPath = "";
			projectRoot = "";
			targets = (
				7F544F642BA0A15D00351C42 /* WOM-iTunes */,
			);
		};
/* End PBXProject section */

/* Begin PBXResourcesBuildPhase section */
		7F544F632BA0A15D00351C42 /* Resources */ = {
			isa = PBXResourcesBuildPhase;
			buildActionMask = 2147483647;
			files = (
				7FFA0B5A2BA0E09C0000F9FB /* Montserrat-Regular.ttf in Resources */,
				7FFA0B582BA0E09C0000F9FB /* Montserrat-Light.ttf in Resources */,
				7F544F752BA0A15E00351C42 /* LaunchScreen.storyboard in Resources */,
				7F544F722BA0A15E00351C42 /* Assets.xcassets in Resources */,
				7FFA0B572BA0E09C0000F9FB /* Montserrat-Bold.ttf in Resources */,
				7FFA0B592BA0E09C0000F9FB /* Montserrat-SemiBold.ttf in Resources */,
			);
			runOnlyForDeploymentPostprocessing = 0;
		};
/* End PBXResourcesBuildPhase section */

/* Begin PBXShellScriptBuildPhase section */
		049E8FF9D74029AC6F983A1D /* [CP] Embed Pods Frameworks */ = {
			isa = PBXShellScriptBuildPhase;
			buildActionMask = 2147483647;
			files = (
			);
			inputFileListPaths = (
				"${PODS_ROOT}/Target Support Files/Pods-WOM-iTunes/Pods-WOM-iTunes-frameworks-${CONFIGURATION}-input-files.xcfilelist",
			);
			name = "[CP] Embed Pods Frameworks";
			outputFileListPaths = (
				"${PODS_ROOT}/Target Support Files/Pods-WOM-iTunes/Pods-WOM-iTunes-frameworks-${CONFIGURATION}-output-files.xcfilelist",
			);
			runOnlyForDeploymentPostprocessing = 0;
			shellPath = /bin/sh;
			shellScript = "\"${PODS_ROOT}/Target Support Files/Pods-WOM-iTunes/Pods-WOM-iTunes-frameworks.sh\"\n";
			showEnvVarsInLog = 0;
		};
		4C09752010D3D8B8D3B934BA /* [CP] Check Pods Manifest.lock */ = {
			isa = PBXShellScriptBuildPhase;
			buildActionMask = 2147483647;
			files = (
			);
			inputFileListPaths = (
			);
			inputPaths = (
				"${PODS_PODFILE_DIR_PATH}/Podfile.lock",
				"${PODS_ROOT}/Manifest.lock",
			);
			name = "[CP] Check Pods Manifest.lock";
			outputFileListPaths = (
			);
			outputPaths = (
				"$(DERIVED_FILE_DIR)/Pods-WOM-iTunes-checkManifestLockResult.txt",
			);
			runOnlyForDeploymentPostprocessing = 0;
			shellPath = /bin/sh;
			shellScript = "diff \"${PODS_PODFILE_DIR_PATH}/Podfile.lock\" \"${PODS_ROOT}/Manifest.lock\" > /dev/null\nif [ $? != 0 ] ; then\n    # print error to STDERR\n    echo \"error: The sandbox is not in sync with the Podfile.lock. Run 'pod install' or update your CocoaPods installation.\" >&2\n    exit 1\nfi\n# This output is used by Xcode 'outputs' to avoid re-running this script phase.\necho \"SUCCESS\" > \"${SCRIPT_OUTPUT_FILE_0}\"\n";
			showEnvVarsInLog = 0;
		};
/* End PBXShellScriptBuildPhase section */

/* Begin PBXSourcesBuildPhase section */
		7F544F612BA0A15D00351C42 /* Sources */ = {
			isa = PBXSourcesBuildPhase;
			buildActionMask = 2147483647;
			files = (
				7FFA0B702BA0E6620000F9FB /* SongDetailArgs.swift in Sources */,
				7FFA0B642BA0E3380000F9FB /* SongDetailViewModel.swift in Sources */,
				7FFA0B342BA0C2200000F9FB /* HomeRemoteDataSourceImpl.swift in Sources */,
				7F1AC34C2BA0BC6E0083C87F /* UiSongInformation.swift in Sources */,
				7FFA0B422BA0C4E90000F9FB /* HomeDataSource.swift in Sources */,
				7F544FA62BA0A52800351C42 /* HomeViewModel.swift in Sources */,
				7F544F882BA0A3A200351C42 /* NotificationCenterWrapper.swift in Sources */,
				7FFA0B5C2BA0E0DD0000F9FB /* Fonts.swift in Sources */,
				7F5DC4762BA17C8C008DAF8D /* ErrorType.swift in Sources */,
				7F1AC3352BA0AF190083C87F /* BaseUseCase.swift in Sources */,
				7F5DC4702BA14AB2008DAF8D /* UIColorExtension.swift in Sources */,
				7F1AC3242BA0AEB80083C87F /* ServerConstants.swift in Sources */,
				7F1AC3252BA0AEB80083C87F /* HttpMethod.swift in Sources */,
				7F544FA22BA0A51900351C42 /* HomeCoordinator.swift in Sources */,
				7F1AC32A2BA0AEB80083C87F /* ServiceLayer.swift in Sources */,
				7F1AC3452BA0BBFC0083C87F /* DomainiTunesResponse.swift in Sources */,
				7F5DC46A2BA13B0C008DAF8D /* WishlistCoordinator.swift in Sources */,
				7F1AC33B2BA0AF7F0083C87F /* NetworkModule.swift in Sources */,
				7F544F9D2BA0A4F800351C42 /* HomeModule.swift in Sources */,
				7F1AC3282BA0AEB80083C87F /* ServiceLayerImpl.swift in Sources */,
				7F1AC3272BA0AEB80083C87F /* ApiResult.swift in Sources */,
				7F544F8A2BA0A3AF00351C42 /* NotificationCenterWrapperImpl.swift in Sources */,
				7F5DC46C2BA13B17008DAF8D /* WishlistViewModel.swift in Sources */,
				7F1AC3362BA0AF190083C87F /* ClosureUseCase.swift in Sources */,
				7F544F812BA0A29D00351C42 /* Injection.swift in Sources */,
				7FFA0B7A2BA118760000F9FB /* UIViewExtension.swift in Sources */,
				7FFA0B362BA0C2DE0000F9FB /* ApiiTunesListQueryParams.swift in Sources */,
				7F5DC4602BA13A7B008DAF8D /* MainTabBarController.swift in Sources */,
				7FFA0B4E2BA0D9310000F9FB /* Dimensions.swift in Sources */,
				7FFA0B6D2BA0E4C70000F9FB /* SongDetailModule.swift in Sources */,
				7F544F962BA0A46F00351C42 /* BaseViewController.swift in Sources */,
				7FFA0B502BA0DF970000F9FB /* UIImageViewExtension.swift in Sources */,
				7F544F692BA0A15D00351C42 /* AppDelegate.swift in Sources */,
				7F5DC4682BA13ADD008DAF8D /* WishlistViewController.swift in Sources */,
				7FFA0B682BA0E3520000F9FB /* SongDetailCoordinator.swift in Sources */,
				7F544F982BA0A48500351C42 /* BaseViewModel.swift in Sources */,
				7F544F922BA0A42900351C42 /* Coordinator.swift in Sources */,
				7F1AC3382BA0AF190083C87F /* Reusable.swift in Sources */,
				7F544FA42BA0A51F00351C42 /* HomeViewController.swift in Sources */,
				7F1AC34A2BA0BC5B0083C87F /* UiiTunesResponse.swift in Sources */,
				7FFA0B472BA0C5E00000F9FB /* GetItunesListUseCase.swift in Sources */,
				7FFA0B4B2BA0D85E0000F9FB /* UITableViewExtension.swift in Sources */,
				7F5DC45D2BA1399D008DAF8D /* TabBarCoordinator.swift in Sources */,
				7FFA0B322BA0C1630000F9FB /* iTunesListQueryParams.swift in Sources */,
				7F1AC3472BA0BC070083C87F /* DomainSongInformation.swift in Sources */,
				7F1AC3262BA0AEB80083C87F /* ApiEmptyResponse.swift in Sources */,
				7F5DC46E2BA13CE1008DAF8D /* MainTabBarModule.swift in Sources */,
				7F1AC3592BA0BEC90083C87F /* HomeDomainMapperImpl.swift in Sources */,
				7FFA0B302BA0C1020000F9FB /* HomeRemoteDataSource.swift in Sources */,
				7FFA0B442BA0C4F20000F9FB /* HomeRepository.swift in Sources */,
				7FFA0B782BA1120D0000F9FB /* FavoriteProductsManager.swift in Sources */,
				7FFA0B3A2BA0C31D0000F9FB /* EncodableExtension.swift in Sources */,
				7F1AC3572BA0BE9E0083C87F /* HomeDomainMapper.swift in Sources */,
				7F1AC3402BA0B9B20083C87F /* ApiiTunesResponse.swift in Sources */,
				7F544F8E2BA0A40B00351C42 /* CoordinatorProtocol.swift in Sources */,
				7F5DC4622BA13AB2008DAF8D /* WishlistModule.swift in Sources */,
				7F544F6B2BA0A15D00351C42 /* SceneDelegate.swift in Sources */,
				7FFA0B492BA0D8330000F9FB /* HomeTableViewCell.swift in Sources */,
				7FFA0B662BA0E34A0000F9FB /* SongDetailViewController.swift in Sources */,
				7F1AC3542BA0BD300083C87F /* HomeDataMapperImpl.swift in Sources */,
				7F544F852BA0A2CD00351C42 /* MainModule.swift in Sources */,
				7F1AC3522BA0BCF50083C87F /* HomeDataMapper.swift in Sources */,
				7F5DC4722BA1703E008DAF8D /* WishlistTableViewCell.swift in Sources */,
				7FFA0B7D2BA118C00000F9FB /* ClickableGestureRecognizer.swift in Sources */,
				7F1AC3422BA0BA100083C87F /* ApiSongInformation.swift in Sources */,
				7F544F832BA0A2BD00351C42 /* MainControllerProvider.swift in Sources */,
			);
			runOnlyForDeploymentPostprocessing = 0;
		};
/* End PBXSourcesBuildPhase section */

/* Begin PBXVariantGroup section */
		7F544F732BA0A15E00351C42 /* LaunchScreen.storyboard */ = {
			isa = PBXVariantGroup;
			children = (
				7F544F742BA0A15E00351C42 /* Base */,
			);
			name = LaunchScreen.storyboard;
			sourceTree = "<group>";
		};
/* End PBXVariantGroup section */

/* Begin XCBuildConfiguration section */
		7F544F772BA0A15E00351C42 /* Debug */ = {
			isa = XCBuildConfiguration;
			buildSettings = {
				ALWAYS_SEARCH_USER_PATHS = NO;
				ASSETCATALOG_COMPILER_GENERATE_SWIFT_ASSET_SYMBOL_EXTENSIONS = YES;
				CLANG_ANALYZER_NONNULL = YES;
				CLANG_ANALYZER_NUMBER_OBJECT_CONVERSION = YES_AGGRESSIVE;
				CLANG_CXX_LANGUAGE_STANDARD = "gnu++20";
				CLANG_ENABLE_MODULES = YES;
				CLANG_ENABLE_OBJC_ARC = YES;
				CLANG_ENABLE_OBJC_WEAK = YES;
				CLANG_WARN_BLOCK_CAPTURE_AUTORELEASING = YES;
				CLANG_WARN_BOOL_CONVERSION = YES;
				CLANG_WARN_COMMA = YES;
				CLANG_WARN_CONSTANT_CONVERSION = YES;
				CLANG_WARN_DEPRECATED_OBJC_IMPLEMENTATIONS = YES;
				CLANG_WARN_DIRECT_OBJC_ISA_USAGE = YES_ERROR;
				CLANG_WARN_DOCUMENTATION_COMMENTS = YES;
				CLANG_WARN_EMPTY_BODY = YES;
				CLANG_WARN_ENUM_CONVERSION = YES;
				CLANG_WARN_INFINITE_RECURSION = YES;
				CLANG_WARN_INT_CONVERSION = YES;
				CLANG_WARN_NON_LITERAL_NULL_CONVERSION = YES;
				CLANG_WARN_OBJC_IMPLICIT_RETAIN_SELF = YES;
				CLANG_WARN_OBJC_LITERAL_CONVERSION = YES;
				CLANG_WARN_OBJC_ROOT_CLASS = YES_ERROR;
				CLANG_WARN_QUOTED_INCLUDE_IN_FRAMEWORK_HEADER = YES;
				CLANG_WARN_RANGE_LOOP_ANALYSIS = YES;
				CLANG_WARN_STRICT_PROTOTYPES = YES;
				CLANG_WARN_SUSPICIOUS_MOVE = YES;
				CLANG_WARN_UNGUARDED_AVAILABILITY = YES_AGGRESSIVE;
				CLANG_WARN_UNREACHABLE_CODE = YES;
				CLANG_WARN__DUPLICATE_METHOD_MATCH = YES;
				COPY_PHASE_STRIP = NO;
				DEBUG_INFORMATION_FORMAT = dwarf;
				ENABLE_STRICT_OBJC_MSGSEND = YES;
				ENABLE_TESTABILITY = YES;
				ENABLE_USER_SCRIPT_SANDBOXING = NO;
				GCC_C_LANGUAGE_STANDARD = gnu17;
				GCC_DYNAMIC_NO_PIC = NO;
				GCC_NO_COMMON_BLOCKS = YES;
				GCC_OPTIMIZATION_LEVEL = 0;
				GCC_PREPROCESSOR_DEFINITIONS = (
					"DEBUG=1",
					"$(inherited)",
				);
				GCC_WARN_64_TO_32_BIT_CONVERSION = YES;
				GCC_WARN_ABOUT_RETURN_TYPE = YES_ERROR;
				GCC_WARN_UNDECLARED_SELECTOR = YES;
				GCC_WARN_UNINITIALIZED_AUTOS = YES_AGGRESSIVE;
				GCC_WARN_UNUSED_FUNCTION = YES;
				GCC_WARN_UNUSED_VARIABLE = YES;
				IPHONEOS_DEPLOYMENT_TARGET = 17.2;
				LOCALIZATION_PREFERS_STRING_CATALOGS = YES;
				MTL_ENABLE_DEBUG_INFO = INCLUDE_SOURCE;
				MTL_FAST_MATH = YES;
				ONLY_ACTIVE_ARCH = YES;
				SDKROOT = iphoneos;
				SWIFT_ACTIVE_COMPILATION_CONDITIONS = "DEBUG $(inherited)";
				SWIFT_OPTIMIZATION_LEVEL = "-Onone";
			};
			name = Debug;
		};
		7F544F782BA0A15E00351C42 /* Release */ = {
			isa = XCBuildConfiguration;
			buildSettings = {
				ALWAYS_SEARCH_USER_PATHS = NO;
				ASSETCATALOG_COMPILER_GENERATE_SWIFT_ASSET_SYMBOL_EXTENSIONS = YES;
				CLANG_ANALYZER_NONNULL = YES;
				CLANG_ANALYZER_NUMBER_OBJECT_CONVERSION = YES_AGGRESSIVE;
				CLANG_CXX_LANGUAGE_STANDARD = "gnu++20";
				CLANG_ENABLE_MODULES = YES;
				CLANG_ENABLE_OBJC_ARC = YES;
				CLANG_ENABLE_OBJC_WEAK = YES;
				CLANG_WARN_BLOCK_CAPTURE_AUTORELEASING = YES;
				CLANG_WARN_BOOL_CONVERSION = YES;
				CLANG_WARN_COMMA = YES;
				CLANG_WARN_CONSTANT_CONVERSION = YES;
				CLANG_WARN_DEPRECATED_OBJC_IMPLEMENTATIONS = YES;
				CLANG_WARN_DIRECT_OBJC_ISA_USAGE = YES_ERROR;
				CLANG_WARN_DOCUMENTATION_COMMENTS = YES;
				CLANG_WARN_EMPTY_BODY = YES;
				CLANG_WARN_ENUM_CONVERSION = YES;
				CLANG_WARN_INFINITE_RECURSION = YES;
				CLANG_WARN_INT_CONVERSION = YES;
				CLANG_WARN_NON_LITERAL_NULL_CONVERSION = YES;
				CLANG_WARN_OBJC_IMPLICIT_RETAIN_SELF = YES;
				CLANG_WARN_OBJC_LITERAL_CONVERSION = YES;
				CLANG_WARN_OBJC_ROOT_CLASS = YES_ERROR;
				CLANG_WARN_QUOTED_INCLUDE_IN_FRAMEWORK_HEADER = YES;
				CLANG_WARN_RANGE_LOOP_ANALYSIS = YES;
				CLANG_WARN_STRICT_PROTOTYPES = YES;
				CLANG_WARN_SUSPICIOUS_MOVE = YES;
				CLANG_WARN_UNGUARDED_AVAILABILITY = YES_AGGRESSIVE;
				CLANG_WARN_UNREACHABLE_CODE = YES;
				CLANG_WARN__DUPLICATE_METHOD_MATCH = YES;
				COPY_PHASE_STRIP = NO;
				DEBUG_INFORMATION_FORMAT = "dwarf-with-dsym";
				ENABLE_NS_ASSERTIONS = NO;
				ENABLE_STRICT_OBJC_MSGSEND = YES;
				ENABLE_USER_SCRIPT_SANDBOXING = NO;
				GCC_C_LANGUAGE_STANDARD = gnu17;
				GCC_NO_COMMON_BLOCKS = YES;
				GCC_WARN_64_TO_32_BIT_CONVERSION = YES;
				GCC_WARN_ABOUT_RETURN_TYPE = YES_ERROR;
				GCC_WARN_UNDECLARED_SELECTOR = YES;
				GCC_WARN_UNINITIALIZED_AUTOS = YES_AGGRESSIVE;
				GCC_WARN_UNUSED_FUNCTION = YES;
				GCC_WARN_UNUSED_VARIABLE = YES;
				IPHONEOS_DEPLOYMENT_TARGET = 17.2;
				LOCALIZATION_PREFERS_STRING_CATALOGS = YES;
				MTL_ENABLE_DEBUG_INFO = NO;
				MTL_FAST_MATH = YES;
				SDKROOT = iphoneos;
				SWIFT_COMPILATION_MODE = wholemodule;
				VALIDATE_PRODUCT = YES;
			};
			name = Release;
		};
		7F544F7A2BA0A15E00351C42 /* Debug */ = {
			isa = XCBuildConfiguration;
			baseConfigurationReference = F9DDB6552C5222D45F8795BA /* Pods-WOM-iTunes.debug.xcconfig */;
			buildSettings = {
				ASSETCATALOG_COMPILER_APPICON_NAME = AppIcon;
				ASSETCATALOG_COMPILER_GLOBAL_ACCENT_COLOR_NAME = AccentColor;
				CODE_SIGN_STYLE = Automatic;
				CURRENT_PROJECT_VERSION = 1;
				DEVELOPMENT_TEAM = ML7FBVGX3D;
				GENERATE_INFOPLIST_FILE = YES;
				INFOPLIST_FILE = "WOM-iTunes/Info.plist";
				INFOPLIST_KEY_UIApplicationSupportsIndirectInputEvents = YES;
				INFOPLIST_KEY_UILaunchStoryboardName = LaunchScreen;
				INFOPLIST_KEY_UISupportedInterfaceOrientations_iPad = "UIInterfaceOrientationPortrait UIInterfaceOrientationPortraitUpsideDown UIInterfaceOrientationLandscapeLeft UIInterfaceOrientationLandscapeRight";
				INFOPLIST_KEY_UISupportedInterfaceOrientations_iPhone = "UIInterfaceOrientationPortrait UIInterfaceOrientationLandscapeLeft UIInterfaceOrientationLandscapeRight";
				LD_RUNPATH_SEARCH_PATHS = (
					"$(inherited)",
					"@executable_path/Frameworks",
				);
				MARKETING_VERSION = 1.0;
				PRODUCT_BUNDLE_IDENTIFIER = "gtorostudy.WOM-iTunes";
				PRODUCT_NAME = "$(TARGET_NAME)";
				SWIFT_EMIT_LOC_STRINGS = YES;
				SWIFT_VERSION = 5.0;
				TARGETED_DEVICE_FAMILY = "1,2";
			};
			name = Debug;
		};
		7F544F7B2BA0A15E00351C42 /* Release */ = {
			isa = XCBuildConfiguration;
			baseConfigurationReference = C793B4C0A65B28E69552F64E /* Pods-WOM-iTunes.release.xcconfig */;
			buildSettings = {
				ASSETCATALOG_COMPILER_APPICON_NAME = AppIcon;
				ASSETCATALOG_COMPILER_GLOBAL_ACCENT_COLOR_NAME = AccentColor;
				CODE_SIGN_STYLE = Automatic;
				CURRENT_PROJECT_VERSION = 1;
				DEVELOPMENT_TEAM = ML7FBVGX3D;
				GENERATE_INFOPLIST_FILE = YES;
				INFOPLIST_FILE = "WOM-iTunes/Info.plist";
				INFOPLIST_KEY_UIApplicationSupportsIndirectInputEvents = YES;
				INFOPLIST_KEY_UILaunchStoryboardName = LaunchScreen;
				INFOPLIST_KEY_UISupportedInterfaceOrientations_iPad = "UIInterfaceOrientationPortrait UIInterfaceOrientationPortraitUpsideDown UIInterfaceOrientationLandscapeLeft UIInterfaceOrientationLandscapeRight";
				INFOPLIST_KEY_UISupportedInterfaceOrientations_iPhone = "UIInterfaceOrientationPortrait UIInterfaceOrientationLandscapeLeft UIInterfaceOrientationLandscapeRight";
				LD_RUNPATH_SEARCH_PATHS = (
					"$(inherited)",
					"@executable_path/Frameworks",
				);
				MARKETING_VERSION = 1.0;
				PRODUCT_BUNDLE_IDENTIFIER = "gtorostudy.WOM-iTunes";
				PRODUCT_NAME = "$(TARGET_NAME)";
				SWIFT_EMIT_LOC_STRINGS = YES;
				SWIFT_VERSION = 5.0;
				TARGETED_DEVICE_FAMILY = "1,2";
			};
			name = Release;
		};
/* End XCBuildConfiguration section */

/* Begin XCConfigurationList section */
		7F544F602BA0A15D00351C42 /* Build configuration list for PBXProject "WOM-iTunes" */ = {
			isa = XCConfigurationList;
			buildConfigurations = (
				7F544F772BA0A15E00351C42 /* Debug */,
				7F544F782BA0A15E00351C42 /* Release */,
			);
			defaultConfigurationIsVisible = 0;
			defaultConfigurationName = Release;
		};
		7F544F792BA0A15E00351C42 /* Build configuration list for PBXNativeTarget "WOM-iTunes" */ = {
			isa = XCConfigurationList;
			buildConfigurations = (
				7F544F7A2BA0A15E00351C42 /* Debug */,
				7F544F7B2BA0A15E00351C42 /* Release */,
			);
			defaultConfigurationIsVisible = 0;
			defaultConfigurationName = Release;
		};
/* End XCConfigurationList section */
	};
	rootObject = 7F544F5D2BA0A15D00351C42 /* Project object */;
}
